
Microsoft Visual Studio Solution File, Format Version 12.00
# Visual Studio Version 16
VisualStudioVersion = 16.0.29613.14
MinimumVisualStudioVersion = 10.0.40219.1
Project("{FAE04EC0-301F-11D3-BF4B-00C04F79EFBC}") = "TravelEasy", "TravelEasy\TravelEasy.csproj", "{7B78D669-3157-4053-BE34-17994169990B}"
EndProject
Project("{FAE04EC0-301F-11D3-BF4B-00C04F79EFBC}") = "TravelEasy.Tests", "TravelEasy.Tests\TravelEasy.Tests.csproj", "{D7EFA85A-DF7E-4D30-A8DD-394F5DD56A9E}"
EndProject
Global
	GlobalSection(SolutionConfigurationPlatforms) = preSolution
		Debug|Any CPU = Debug|Any CPU
		Release|Any CPU = Release|Any CPU
	EndGlobalSection
	GlobalSection(ProjectConfigurationPlatforms) = postSolution
		{7B78D669-3157-4053-BE34-17994169990B}.Debug|Any CPU.ActiveCfg = Debug|Any CPU
		{7B78D669-3157-4053-BE34-17994169990B}.Debug|Any CPU.Build.0 = Debug|Any CPU
		{7B78D669-3157-4053-BE34-17994169990B}.Release|Any CPU.ActiveCfg = Release|Any CPU
		{7B78D669-3157-4053-BE34-17994169990B}.Release|Any CPU.Build.0 = Release|Any CPU
		{D7EFA85A-DF7E-4D30-A8DD-394F5DD56A9E}.Debug|Any CPU.ActiveCfg = Debug|Any CPU
		{D7EFA85A-DF7E-4D30-A8DD-394F5DD56A9E}.Debug|Any CPU.Build.0 = Debug|Any CPU
		{D7EFA85A-DF7E-4D30-A8DD-394F5DD56A9E}.Release|Any CPU.ActiveCfg = Release|Any CPU
		{D7EFA85A-DF7E-4D30-A8DD-394F5DD56A9E}.Release|Any CPU.Build.0 = Release|Any CPU
	EndGlobalSection
	GlobalSection(SolutionProperties) = preSolution
		HideSolutionNode = FALSE
	EndGlobalSection
	GlobalSection(ExtensibilityGlobals) = postSolution
		SolutionGuid = {70AAA801-4054-4C65-987D-C2D569BE4FE4}
	EndGlobalSection
EndGlobal
